// !$*UTF8*$!
{
	archiveVersion = 1;
	classes = {
	};
	objectVersion = 50;
	objects = {

/* Begin PBXBuildFile section */
		4FB2C67820E4CBBF00B7CFEE /* AppDelegate.swift in Sources */ = {isa = PBXBuildFile; fileRef = 4FB2C67720E4CBBF00B7CFEE /* AppDelegate.swift */; };
		4FB2C67A20E4CBBF00B7CFEE /* ViewController.swift in Sources */ = {isa = PBXBuildFile; fileRef = 4FB2C67920E4CBBF00B7CFEE /* ViewController.swift */; };
		4FB2C67D20E4CBBF00B7CFEE /* Main.storyboard in Resources */ = {isa = PBXBuildFile; fileRef = 4FB2C67B20E4CBBF00B7CFEE /* Main.storyboard */; };
		4FB2C68020E4CBBF00B7CFEE /* ZQSheetControllerDemo.xcdatamodeld in Sources */ = {isa = PBXBuildFile; fileRef = 4FB2C67E20E4CBBF00B7CFEE /* ZQSheetControllerDemo.xcdatamodeld */; };
		4FB2C68220E4CBC300B7CFEE /* Assets.xcassets in Resources */ = {isa = PBXBuildFile; fileRef = 4FB2C68120E4CBC300B7CFEE /* Assets.xcassets */; };
		4FB2C68520E4CBC300B7CFEE /* LaunchScreen.storyboard in Resources */ = {isa = PBXBuildFile; fileRef = 4FB2C68320E4CBC300B7CFEE /* LaunchScreen.storyboard */; };
		4FB2C69520E4CC7B00B7CFEE /* ZQSheetController.h in Headers */ = {isa = PBXBuildFile; fileRef = 4FB2C69320E4CC7B00B7CFEE /* ZQSheetController.h */; settings = {ATTRIBUTES = (Public, ); }; };
		4FB2C69820E4CC7B00B7CFEE /* ZQSheetController.framework in Frameworks */ = {isa = PBXBuildFile; fileRef = 4FB2C69120E4CC7B00B7CFEE /* ZQSheetController.framework */; };
		4FB2C69920E4CC7B00B7CFEE /* ZQSheetController.framework in Embed Frameworks */ = {isa = PBXBuildFile; fileRef = 4FB2C69120E4CC7B00B7CFEE /* ZQSheetController.framework */; settings = {ATTRIBUTES = (CodeSignOnCopy, RemoveHeadersOnCopy, ); }; };
		4FB2C6A020E4CCEB00B7CFEE /* ZQSheetController.swift in Sources */ = {isa = PBXBuildFile; fileRef = 4FB2C69F20E4CCEB00B7CFEE /* ZQSheetController.swift */; };
		4FB2C6A220E4D66A00B7CFEE /* ZQSheetAnimation.swift in Sources */ = {isa = PBXBuildFile; fileRef = 4FB2C6A120E4D66A00B7CFEE /* ZQSheetAnimation.swift */; };
		4FB2C6A420E4DF3100B7CFEE /* ZQSheetPresentationController.swift in Sources */ = {isa = PBXBuildFile; fileRef = 4FB2C6A320E4DF3100B7CFEE /* ZQSheetPresentationController.swift */; };
/* End PBXBuildFile section */

/* Begin PBXContainerItemProxy section */
		4FB2C69620E4CC7B00B7CFEE /* PBXContainerItemProxy */ = {
			isa = PBXContainerItemProxy;
			containerPortal = 4FB2C66C20E4CBBF00B7CFEE /* Project object */;
			proxyType = 1;
			remoteGlobalIDString = 4FB2C69020E4CC7B00B7CFEE;
			remoteInfo = ZQSheetController;
		};
/* End PBXContainerItemProxy section */

/* Begin PBXCopyFilesBuildPhase section */
		4FB2C69D20E4CC7B00B7CFEE /* Embed Frameworks */ = {
			isa = PBXCopyFilesBuildPhase;
			buildActionMask = 2147483647;
			dstPath = "";
			dstSubfolderSpec = 10;
			files = (
				4FB2C69920E4CC7B00B7CFEE /* ZQSheetController.framework in Embed Frameworks */,
			);
			name = "Embed Frameworks";
			runOnlyForDeploymentPostprocessing = 0;
		};
/* End PBXCopyFilesBuildPhase section */

/* Begin PBXFileReference section */
		4FB2C67420E4CBBF00B7CFEE /* ZQSheetControllerDemo.app */ = {isa = PBXFileReference; explicitFileType = wrapper.application; includeInIndex = 0; path = ZQSheetControllerDemo.app; sourceTree = BUILT_PRODUCTS_DIR; };
		4FB2C67720E4CBBF00B7CFEE /* AppDelegate.swift */ = {isa = PBXFileReference; lastKnownFileType = sourcecode.swift; path = AppDelegate.swift; sourceTree = "<group>"; };
		4FB2C67920E4CBBF00B7CFEE /* ViewController.swift */ = {isa = PBXFileReference; lastKnownFileType = sourcecode.swift; path = ViewController.swift; sourceTree = "<group>"; };
		4FB2C67C20E4CBBF00B7CFEE /* Base */ = {isa = PBXFileReference; lastKnownFileType = file.storyboard; name = Base; path = Base.lproj/Main.storyboard; sourceTree = "<group>"; };
		4FB2C67F20E4CBBF00B7CFEE /* ZQSheetControllerDemo.xcdatamodel */ = {isa = PBXFileReference; lastKnownFileType = wrapper.xcdatamodel; path = ZQSheetControllerDemo.xcdatamodel; sourceTree = "<group>"; };
		4FB2C68120E4CBC300B7CFEE /* Assets.xcassets */ = {isa = PBXFileReference; lastKnownFileType = folder.assetcatalog; path = Assets.xcassets; sourceTree = "<group>"; };
		4FB2C68420E4CBC300B7CFEE /* Base */ = {isa = PBXFileReference; lastKnownFileType = file.storyboard; name = Base; path = Base.lproj/LaunchScreen.storyboard; sourceTree = "<group>"; };
		4FB2C68620E4CBC300B7CFEE /* Info.plist */ = {isa = PBXFileReference; lastKnownFileType = text.plist.xml; path = Info.plist; sourceTree = "<group>"; };
		4FB2C69120E4CC7B00B7CFEE /* ZQSheetController.framework */ = {isa = PBXFileReference; explicitFileType = wrapper.framework; includeInIndex = 0; path = ZQSheetController.framework; sourceTree = BUILT_PRODUCTS_DIR; };
		4FB2C69320E4CC7B00B7CFEE /* ZQSheetController.h */ = {isa = PBXFileReference; lastKnownFileType = sourcecode.c.h; path = ZQSheetController.h; sourceTree = "<group>"; };
		4FB2C69420E4CC7B00B7CFEE /* Info.plist */ = {isa = PBXFileReference; lastKnownFileType = text.plist.xml; path = Info.plist; sourceTree = "<group>"; };
		4FB2C69F20E4CCEB00B7CFEE /* ZQSheetController.swift */ = {isa = PBXFileReference; lastKnownFileType = sourcecode.swift; path = ZQSheetController.swift; sourceTree = "<group>"; };
		4FB2C6A120E4D66A00B7CFEE /* ZQSheetAnimation.swift */ = {isa = PBXFileReference; lastKnownFileType = sourcecode.swift; path = ZQSheetAnimation.swift; sourceTree = "<group>"; };
		4FB2C6A320E4DF3100B7CFEE /* ZQSheetPresentationController.swift */ = {isa = PBXFileReference; lastKnownFileType = sourcecode.swift; path = ZQSheetPresentationController.swift; sourceTree = "<group>"; };
/* End PBXFileReference section */

/* Begin PBXFrameworksBuildPhase section */
		4FB2C67120E4CBBF00B7CFEE /* Frameworks */ = {
			isa = PBXFrameworksBuildPhase;
			buildActionMask = 2147483647;
			files = (
				4FB2C69820E4CC7B00B7CFEE /* ZQSheetController.framework in Frameworks */,
			);
			runOnlyForDeploymentPostprocessing = 0;
		};
		4FB2C68E20E4CC7B00B7CFEE /* Frameworks */ = {
			isa = PBXFrameworksBuildPhase;
			buildActionMask = 2147483647;
			files = (
			);
			runOnlyForDeploymentPostprocessing = 0;
		};
/* End PBXFrameworksBuildPhase section */

/* Begin PBXGroup section */
		2F0BA9BD87FC71EC6362CFDB /* Frameworks */ = {
			isa = PBXGroup;
			children = (
			);
			name = Frameworks;
			sourceTree = "<group>";
		};
		4FB2C66B20E4CBBF00B7CFEE = {
			isa = PBXGroup;
			children = (
				4FB2C67620E4CBBF00B7CFEE /* ZQSheetControllerDemo */,
				4FB2C69220E4CC7B00B7CFEE /* ZQSheetController */,
				4FB2C67520E4CBBF00B7CFEE /* Products */,
				2F0BA9BD87FC71EC6362CFDB /* Frameworks */,
			);
			sourceTree = "<group>";
		};
		4FB2C67520E4CBBF00B7CFEE /* Products */ = {
			isa = PBXGroup;
			children = (
				4FB2C67420E4CBBF00B7CFEE /* ZQSheetControllerDemo.app */,
				4FB2C69120E4CC7B00B7CFEE /* ZQSheetController.framework */,
			);
			name = Products;
			sourceTree = "<group>";
		};
		4FB2C67620E4CBBF00B7CFEE /* ZQSheetControllerDemo */ = {
			isa = PBXGroup;
			children = (
				4FB2C67720E4CBBF00B7CFEE /* AppDelegate.swift */,
				4FB2C67920E4CBBF00B7CFEE /* ViewController.swift */,
				4FB2C67B20E4CBBF00B7CFEE /* Main.storyboard */,
				4FB2C68120E4CBC300B7CFEE /* Assets.xcassets */,
				4FB2C68320E4CBC300B7CFEE /* LaunchScreen.storyboard */,
				4FB2C68620E4CBC300B7CFEE /* Info.plist */,
				4FB2C67E20E4CBBF00B7CFEE /* ZQSheetControllerDemo.xcdatamodeld */,
			);
			path = ZQSheetControllerDemo;
			sourceTree = "<group>";
		};
		4FB2C69220E4CC7B00B7CFEE /* ZQSheetController */ = {
			isa = PBXGroup;
			children = (
				4FB2C69E20E4CCC500B7CFEE /* Source */,
				4FB2C69320E4CC7B00B7CFEE /* ZQSheetController.h */,
				4FB2C69420E4CC7B00B7CFEE /* Info.plist */,
			);
			path = ZQSheetController;
			sourceTree = "<group>";
		};
		4FB2C69E20E4CCC500B7CFEE /* Source */ = {
			isa = PBXGroup;
			children = (
				4FB2C69F20E4CCEB00B7CFEE /* ZQSheetController.swift */,
				4FB2C6A120E4D66A00B7CFEE /* ZQSheetAnimation.swift */,
				4FB2C6A320E4DF3100B7CFEE /* ZQSheetPresentationController.swift */,
			);
			path = Source;
			sourceTree = "<group>";
		};
/* End PBXGroup section */

/* Begin PBXHeadersBuildPhase section */
		4FB2C68C20E4CC7B00B7CFEE /* Headers */ = {
			isa = PBXHeadersBuildPhase;
			buildActionMask = 2147483647;
			files = (
				4FB2C69520E4CC7B00B7CFEE /* ZQSheetController.h in Headers */,
			);
			runOnlyForDeploymentPostprocessing = 0;
		};
/* End PBXHeadersBuildPhase section */

/* Begin PBXNativeTarget section */
		4FB2C67320E4CBBF00B7CFEE /* ZQSheetControllerDemo */ = {
			isa = PBXNativeTarget;
			buildConfigurationList = 4FB2C68920E4CBC300B7CFEE /* Build configuration list for PBXNativeTarget "ZQSheetControllerDemo" */;
			buildPhases = (
				4FB2C67020E4CBBF00B7CFEE /* Sources */,
				4FB2C67120E4CBBF00B7CFEE /* Frameworks */,
				4FB2C67220E4CBBF00B7CFEE /* Resources */,
				4FB2C69D20E4CC7B00B7CFEE /* Embed Frameworks */,
			);
			buildRules = (
			);
			dependencies = (
				4FB2C69720E4CC7B00B7CFEE /* PBXTargetDependency */,
			);
			name = ZQSheetControllerDemo;
			productName = ZQSheetControllerDemo;
			productReference = 4FB2C67420E4CBBF00B7CFEE /* ZQSheetControllerDemo.app */;
			productType = "com.apple.product-type.application";
		};
		4FB2C69020E4CC7B00B7CFEE /* ZQSheetController */ = {
			isa = PBXNativeTarget;
			buildConfigurationList = 4FB2C69A20E4CC7B00B7CFEE /* Build configuration list for PBXNativeTarget "ZQSheetController" */;
			buildPhases = (
				4FB2C68C20E4CC7B00B7CFEE /* Headers */,
				4FB2C68D20E4CC7B00B7CFEE /* Sources */,
				4FB2C68E20E4CC7B00B7CFEE /* Frameworks */,
				4FB2C68F20E4CC7B00B7CFEE /* Resources */,
			);
			buildRules = (
			);
			dependencies = (
			);
			name = ZQSheetController;
			productName = ZQSheetController;
			productReference = 4FB2C69120E4CC7B00B7CFEE /* ZQSheetController.framework */;
			productType = "com.apple.product-type.framework";
		};
/* End PBXNativeTarget section */

/* Begin PBXProject section */
		4FB2C66C20E4CBBF00B7CFEE /* Project object */ = {
			isa = PBXProject;
			attributes = {
				LastSwiftUpdateCheck = 1000;
				LastUpgradeCheck = 1000;
				ORGANIZATIONNAME = HYJF;
				TargetAttributes = {
					4FB2C67320E4CBBF00B7CFEE = {
						CreatedOnToolsVersion = 10.0;
					};
					4FB2C69020E4CC7B00B7CFEE = {
						CreatedOnToolsVersion = 10.0;
						LastSwiftMigration = 1000;
					};
				};
			};
			buildConfigurationList = 4FB2C66F20E4CBBF00B7CFEE /* Build configuration list for PBXProject "ZQSheetControllerDemo" */;
			compatibilityVersion = "Xcode 9.3";
			developmentRegion = en;
			hasScannedForEncodings = 0;
			knownRegions = (
				en,
				Base,
			);
			mainGroup = 4FB2C66B20E4CBBF00B7CFEE;
			productRefGroup = 4FB2C67520E4CBBF00B7CFEE /* Products */;
			projectDirPath = "";
			projectRoot = "";
			targets = (
				4FB2C67320E4CBBF00B7CFEE /* ZQSheetControllerDemo */,
				4FB2C69020E4CC7B00B7CFEE /* ZQSheetController */,
			);
		};
/* End PBXProject section */

/* Begin PBXResourcesBuildPhase section */
		4FB2C67220E4CBBF00B7CFEE /* Resources */ = {
			isa = PBXResourcesBuildPhase;
			buildActionMask = 2147483647;
			files = (
				4FB2C68520E4CBC300B7CFEE /* LaunchScreen.storyboard in Resources */,
				4FB2C68220E4CBC300B7CFEE /* Assets.xcassets in Resources */,
				4FB2C67D20E4CBBF00B7CFEE /* Main.storyboard in Resources */,
			);
			runOnlyForDeploymentPostprocessing = 0;
		};
		4FB2C68F20E4CC7B00B7CFEE /* Resources */ = {
			isa = PBXResourcesBuildPhase;
			buildActionMask = 2147483647;
			files = (
			);
			runOnlyForDeploymentPostprocessing = 0;
		};
/* End PBXResourcesBuildPhase section */

/* Begin PBXSourcesBuildPhase section */
		4FB2C67020E4CBBF00B7CFEE /* Sources */ = {
			isa = PBXSourcesBuildPhase;
			buildActionMask = 2147483647;
			files = (
				4FB2C67A20E4CBBF00B7CFEE /* ViewController.swift in Sources */,
				4FB2C68020E4CBBF00B7CFEE /* ZQSheetControllerDemo.xcdatamodeld in Sources */,
				4FB2C67820E4CBBF00B7CFEE /* AppDelegate.swift in Sources */,
			);
			runOnlyForDeploymentPostprocessing = 0;
		};
		4FB2C68D20E4CC7B00B7CFEE /* Sources */ = {
			isa = PBXSourcesBuildPhase;
			buildActionMask = 2147483647;
			files = (
				4FB2C6A420E4DF3100B7CFEE /* ZQSheetPresentationController.swift in Sources */,
				4FB2C6A020E4CCEB00B7CFEE /* ZQSheetController.swift in Sources */,
				4FB2C6A220E4D66A00B7CFEE /* ZQSheetAnimation.swift in Sources */,
			);
			runOnlyForDeploymentPostprocessing = 0;
		};
/* End PBXSourcesBuildPhase section */

/* Begin PBXTargetDependency section */
		4FB2C69720E4CC7B00B7CFEE /* PBXTargetDependency */ = {
			isa = PBXTargetDependency;
			target = 4FB2C69020E4CC7B00B7CFEE /* ZQSheetController */;
			targetProxy = 4FB2C69620E4CC7B00B7CFEE /* PBXContainerItemProxy */;
		};
/* End PBXTargetDependency section */

/* Begin PBXVariantGroup section */
		4FB2C67B20E4CBBF00B7CFEE /* Main.storyboard */ = {
			isa = PBXVariantGroup;
			children = (
				4FB2C67C20E4CBBF00B7CFEE /* Base */,
			);
			name = Main.storyboard;
			sourceTree = "<group>";
		};
		4FB2C68320E4CBC300B7CFEE /* LaunchScreen.storyboard */ = {
			isa = PBXVariantGroup;
			children = (
				4FB2C68420E4CBC300B7CFEE /* Base */,
			);
			name = LaunchScreen.storyboard;
			sourceTree = "<group>";
		};
/* End PBXVariantGroup section */

/* Begin XCBuildConfiguration section */
		4FB2C68720E4CBC300B7CFEE /* Debug */ = {
			isa = XCBuildConfiguration;
			buildSettings = {
				ALWAYS_SEARCH_USER_PATHS = NO;
				CLANG_ANALYZER_NONNULL = YES;
				CLANG_ANALYZER_NUMBER_OBJECT_CONVERSION = YES_AGGRESSIVE;
				CLANG_CXX_LANGUAGE_STANDARD = "gnu++14";
				CLANG_CXX_LIBRARY = "libc++";
				CLANG_ENABLE_MODULES = YES;
				CLANG_ENABLE_OBJC_ARC = YES;
				CLANG_ENABLE_OBJC_WEAK = YES;
				CLANG_WARN_BLOCK_CAPTURE_AUTORELEASING = YES;
				CLANG_WARN_BOOL_CONVERSION = YES;
				CLANG_WARN_COMMA = YES;
				CLANG_WARN_CONSTANT_CONVERSION = YES;
				CLANG_WARN_DEPRECATED_OBJC_IMPLEMENTATIONS = YES;
				CLANG_WARN_DIRECT_OBJC_ISA_USAGE = YES_ERROR;
				CLANG_WARN_DOCUMENTATION_COMMENTS = YES;
				CLANG_WARN_EMPTY_BODY = YES;
				CLANG_WARN_ENUM_CONVERSION = YES;
				CLANG_WARN_INFINITE_RECURSION = YES;
				CLANG_WARN_INT_CONVERSION = YES;
				CLANG_WARN_NON_LITERAL_NULL_CONVERSION = YES;
				CLANG_WARN_OBJC_IMPLICIT_RETAIN_SELF = YES;
				CLANG_WARN_OBJC_LITERAL_CONVERSION = YES;
				CLANG_WARN_OBJC_ROOT_CLASS = YES_ERROR;
				CLANG_WARN_RANGE_LOOP_ANALYSIS = YES;
				CLANG_WARN_STRICT_PROTOTYPES = YES;
				CLANG_WARN_SUSPICIOUS_MOVE = YES;
				CLANG_WARN_UNGUARDED_AVAILABILITY = YES_AGGRESSIVE;
				CLANG_WARN_UNREACHABLE_CODE = YES;
				CLANG_WARN__DUPLICATE_METHOD_MATCH = YES;
				CODE_SIGN_IDENTITY = "iPhone Developer";
				COPY_PHASE_STRIP = NO;
				DEBUG_INFORMATION_FORMAT = dwarf;
				ENABLE_STRICT_OBJC_MSGSEND = YES;
				ENABLE_TESTABILITY = YES;
				GCC_C_LANGUAGE_STANDARD = gnu11;
				GCC_DYNAMIC_NO_PIC = NO;
				GCC_NO_COMMON_BLOCKS = YES;
				GCC_OPTIMIZATION_LEVEL = 0;
				GCC_PREPROCESSOR_DEFINITIONS = (
					"DEBUG=1",
					"$(inherited)",
				);
				GCC_WARN_64_TO_32_BIT_CONVERSION = YES;
				GCC_WARN_ABOUT_RETURN_TYPE = YES_ERROR;
				GCC_WARN_UNDECLARED_SELECTOR = YES;
				GCC_WARN_UNINITIALIZED_AUTOS = YES_AGGRESSIVE;
				GCC_WARN_UNUSED_FUNCTION = YES;
				GCC_WARN_UNUSED_VARIABLE = YES;
				IPHONEOS_DEPLOYMENT_TARGET = 12.0;
				MTL_ENABLE_DEBUG_INFO = INCLUDE_SOURCE;
				ONLY_ACTIVE_ARCH = YES;
				SDKROOT = iphoneos;
				SWIFT_ACTIVE_COMPILATION_CONDITIONS = DEBUG;
				SWIFT_OPTIMIZATION_LEVEL = "-Onone";
				SWIFT_VERSION = 4.0;
			};
			name = Debug;
		};
		4FB2C68820E4CBC300B7CFEE /* Release */ = {
			isa = XCBuildConfiguration;
			buildSettings = {
				ALWAYS_SEARCH_USER_PATHS = NO;
				CLANG_ANALYZER_NONNULL = YES;
				CLANG_ANALYZER_NUMBER_OBJECT_CONVERSION = YES_AGGRESSIVE;
				CLANG_CXX_LANGUAGE_STANDARD = "gnu++14";
				CLANG_CXX_LIBRARY = "libc++";
				CLANG_ENABLE_MODULES = YES;
				CLANG_ENABLE_OBJC_ARC = YES;
				CLANG_ENABLE_OBJC_WEAK = YES;
				CLANG_WARN_BLOCK_CAPTURE_AUTORELEASING = YES;
				CLANG_WARN_BOOL_CONVERSION = YES;
				CLANG_WARN_COMMA = YES;
				CLANG_WARN_CONSTANT_CONVERSION = YES;
				CLANG_WARN_DEPRECATED_OBJC_IMPLEMENTATIONS = YES;
				CLANG_WARN_DIRECT_OBJC_ISA_USAGE = YES_ERROR;
				CLANG_WARN_DOCUMENTATION_COMMENTS = YES;
				CLANG_WARN_EMPTY_BODY = YES;
				CLANG_WARN_ENUM_CONVERSION = YES;
				CLANG_WARN_INFINITE_RECURSION = YES;
				CLANG_WARN_INT_CONVERSION = YES;
				CLANG_WARN_NON_LITERAL_NULL_CONVERSION = YES;
				CLANG_WARN_OBJC_IMPLICIT_RETAIN_SELF = YES;
				CLANG_WARN_OBJC_LITERAL_CONVERSION = YES;
				CLANG_WARN_OBJC_ROOT_CLASS = YES_ERROR;
				CLANG_WARN_RANGE_LOOP_ANALYSIS = YES;
				CLANG_WARN_STRICT_PROTOTYPES = YES;
				CLANG_WARN_SUSPICIOUS_MOVE = YES;
				CLANG_WARN_UNGUARDED_AVAILABILITY = YES_AGGRESSIVE;
				CLANG_WARN_UNREACHABLE_CODE = YES;
				CLANG_WARN__DUPLICATE_METHOD_MATCH = YES;
				CODE_SIGN_IDENTITY = "iPhone Developer";
				COPY_PHASE_STRIP = NO;
				DEBUG_INFORMATION_FORMAT = "dwarf-with-dsym";
				ENABLE_NS_ASSERTIONS = NO;
				ENABLE_STRICT_OBJC_MSGSEND = YES;
				GCC_C_LANGUAGE_STANDARD = gnu11;
				GCC_NO_COMMON_BLOCKS = YES;
				GCC_WARN_64_TO_32_BIT_CONVERSION = YES;
				GCC_WARN_ABOUT_RETURN_TYPE = YES_ERROR;
				GCC_WARN_UNDECLARED_SELECTOR = YES;
				GCC_WARN_UNINITIALIZED_AUTOS = YES_AGGRESSIVE;
				GCC_WARN_UNUSED_FUNCTION = YES;
				GCC_WARN_UNUSED_VARIABLE = YES;
				IPHONEOS_DEPLOYMENT_TARGET = 12.0;
				MTL_ENABLE_DEBUG_INFO = NO;
				SDKROOT = iphoneos;
				SWIFT_COMPILATION_MODE = wholemodule;
				SWIFT_OPTIMIZATION_LEVEL = "-O";
				SWIFT_VERSION = 4.0;
				VALIDATE_PRODUCT = YES;
			};
			name = Release;
		};
		4FB2C68A20E4CBC300B7CFEE /* Debug */ = {
			isa = XCBuildConfiguration;
			buildSettings = {
				ALWAYS_EMBED_SWIFT_STANDARD_LIBRARIES = YES;
				ASSETCATALOG_COMPILER_APPICON_NAME = AppIcon;
				CODE_SIGN_STYLE = Automatic;
				DEVELOPMENT_TEAM = EBVZNRB498;
				INFOPLIST_FILE = ZQSheetControllerDemo/Info.plist;
				LD_RUNPATH_SEARCH_PATHS = (
					"$(inherited)",
					"@executable_path/Frameworks",
				);
				PRODUCT_BUNDLE_IDENTIFIER = com.hyjf.ZQSheetControllerDemo;
				PRODUCT_NAME = "$(TARGET_NAME)";
				SWIFT_VERSION = 4.2;
				TARGETED_DEVICE_FAMILY = "1,2";
			};
			name = Debug;
		};
		4FB2C68B20E4CBC300B7CFEE /* Release */ = {
			isa = XCBuildConfiguration;
			buildSettings = {
				ALWAYS_EMBED_SWIFT_STANDARD_LIBRARIES = YES;
				ASSETCATALOG_COMPILER_APPICON_NAME = AppIcon;
				CODE_SIGN_STYLE = Automatic;
				DEVELOPMENT_TEAM = EBVZNRB498;
				INFOPLIST_FILE = ZQSheetControllerDemo/Info.plist;
				LD_RUNPATH_SEARCH_PATHS = (
					"$(inherited)",
					"@executable_path/Frameworks",
				);
				PRODUCT_BUNDLE_IDENTIFIER = com.hyjf.ZQSheetControllerDemo;
				PRODUCT_NAME = "$(TARGET_NAME)";
				SWIFT_VERSION = 4.2;
				TARGETED_DEVICE_FAMILY = "1,2";
			};
			name = Release;
		};
		4FB2C69B20E4CC7B00B7CFEE /* Debug */ = {
			isa = XCBuildConfiguration;
			buildSettings = {
				CLANG_ENABLE_MODULES = YES;
				CODE_SIGN_IDENTITY = "";
				CODE_SIGN_STYLE = Automatic;
				CURRENT_PROJECT_VERSION = 1;
				DEFINES_MODULE = YES;
				DEVELOPMENT_TEAM = EBVZNRB498;
				DYLIB_COMPATIBILITY_VERSION = 1;
				DYLIB_CURRENT_VERSION = 1;
				DYLIB_INSTALL_NAME_BASE = "@rpath";
				INFOPLIST_FILE = ZQSheetController/Info.plist;
				INSTALL_PATH = "$(LOCAL_LIBRARY_DIR)/Frameworks";
				LD_RUNPATH_SEARCH_PATHS = (
					"$(inherited)",
					"@executable_path/Frameworks",
					"@loader_path/Frameworks",
				);
				PRODUCT_BUNDLE_IDENTIFIER = com.hyjf.ZQSheetController;
				PRODUCT_NAME = "$(TARGET_NAME:c99extidentifier)";
				SKIP_INSTALL = YES;
				SWIFT_OPTIMIZATION_LEVEL = "-Onone";
				SWIFT_VERSION = 4.0;
				TARGETED_DEVICE_FAMILY = "1,2";
				VERSIONING_SYSTEM = "apple-generic";
				VERSION_INFO_PREFIX = "";
			};
			name = Debug;
		};
		4FB2C69C20E4CC7B00B7CFEE /* Release */ = {
			isa = XCBuildConfiguration;
			buildSettings = {
				CLANG_ENABLE_MODULES = YES;
				CODE_SIGN_IDENTITY = "";
				CODE_SIGN_STYLE = Automatic;
				CURRENT_PROJECT_VERSION = 1;
				DEFINES_MODULE = YES;
				DEVELOPMENT_TEAM = EBVZNRB498;
				DYLIB_COMPATIBILITY_VERSION = 1;
				DYLIB_CURRENT_VERSION = 1;
				DYLIB_INSTALL_NAME_BASE = "@rpath";
				INFOPLIST_FILE = ZQSheetController/Info.plist;
				INSTALL_PATH = "$(LOCAL_LIBRARY_DIR)/Frameworks";
				LD_RUNPATH_SEARCH_PATHS = (
					"$(inherited)",
					"@executable_path/Frameworks",
					"@loader_path/Frameworks",
				);
				PRODUCT_BUNDLE_IDENTIFIER = com.hyjf.ZQSheetController;
				PRODUCT_NAME = "$(TARGET_NAME:c99extidentifier)";
				SKIP_INSTALL = YES;
				SWIFT_VERSION = 4.0;
				TARGETED_DEVICE_FAMILY = "1,2";
				VERSIONING_SYSTEM = "apple-generic";
				VERSION_INFO_PREFIX = "";
			};
			name = Release;
		};
/* End XCBuildConfiguration section */

/* Begin XCConfigurationList section */
		4FB2C66F20E4CBBF00B7CFEE /* Build configuration list for PBXProject "ZQSheetControllerDemo" */ = {
			isa = XCConfigurationList;
			buildConfigurations = (
				4FB2C68720E4CBC300B7CFEE /* Debug */,
				4FB2C68820E4CBC300B7CFEE /* Release */,
			);
			defaultConfigurationIsVisible = 0;
			defaultConfigurationName = Release;
		};
		4FB2C68920E4CBC300B7CFEE /* Build configuration list for PBXNativeTarget "ZQSheetControllerDemo" */ = {
			isa = XCConfigurationList;
			buildConfigurations = (
				4FB2C68A20E4CBC300B7CFEE /* Debug */,
				4FB2C68B20E4CBC300B7CFEE /* Release */,
			);
			defaultConfigurationIsVisible = 0;
			defaultConfigurationName = Release;
		};
		4FB2C69A20E4CC7B00B7CFEE /* Build configuration list for PBXNativeTarget "ZQSheetController" */ = {
			isa = XCConfigurationList;
			buildConfigurations = (
				4FB2C69B20E4CC7B00B7CFEE /* Debug */,
				4FB2C69C20E4CC7B00B7CFEE /* Release */,
			);
			defaultConfigurationIsVisible = 0;
			defaultConfigurationName = Release;
		};
/* End XCConfigurationList section */

/* Begin XCVersionGroup section */
		4FB2C67E20E4CBBF00B7CFEE /* ZQSheetControllerDemo.xcdatamodeld */ = {
			isa = XCVersionGroup;
			children = (
				4FB2C67F20E4CBBF00B7CFEE /* ZQSheetControllerDemo.xcdatamodel */,
			);
			currentVersion = 4FB2C67F20E4CBBF00B7CFEE /* ZQSheetControllerDemo.xcdatamodel */;
			path = ZQSheetControllerDemo.xcdatamodeld;
			sourceTree = "<group>";
			versionGroupType = wrapper.xcdatamodel;
		};
/* End XCVersionGroup section */
	};
	rootObject = 4FB2C66C20E4CBBF00B7CFEE /* Project object */;
}
